{
  "name": "@luftborn/utilities",
  "version": "1.0.0",
  "lockfileVersion": 1,
  "requires": true,
  "dependencies": {
    "@types/google.analytics": {
      "version": "0.0.40",
      "resolved": "https://registry.npmjs.org/@types/google.analytics/-/google.analytics-0.0.40.tgz",
      "integrity": "sha512-R3HpnLkqmKxhUAf8kIVvDVGJqPtaaZlW4yowNwjOZUTmYUQEgHh8Nh5wkSXKMroNAuQM8gbXJHmNbbgA8tdb7Q=="
    },
    "js-polyfills": {
      "version": "0.1.42",
      "resolved": "https://registry.npmjs.org/js-polyfills/-/js-polyfills-0.1.42.tgz",
      "integrity": "sha1-XUhJArNh489gH9I60PMLr8yT8Ug="
    }
  }
}
